
Microsoft Visual Studio Solution File, Format Version 12.00
Project("{FAE04EC0-301F-11D3-BF4B-00C04F79EFBC}") = "SpecFlow", "SpecFlow\SpecFlow.csproj", "{3B68E3CA-596D-4027-9DE9-ADD827F4C6FE}"
EndProject
Global
	GlobalSection(SolutionConfigurationPlatforms) = preSolution
		Debug|Any CPU = Debug|Any CPU
		Release|Any CPU = Release|Any CPU
	EndGlobalSection
	GlobalSection(ProjectConfigurationPlatforms) = postSolution
		{3B68E3CA-596D-4027-9DE9-ADD827F4C6FE}.Debug|Any CPU.ActiveCfg = Debug|Any CPU
		{3B68E3CA-596D-4027-9DE9-ADD827F4C6FE}.Debug|Any CPU.Build.0 = Debug|Any CPU
		{3B68E3CA-596D-4027-9DE9-ADD827F4C6FE}.Release|Any CPU.ActiveCfg = Release|Any CPU
		{3B68E3CA-596D-4027-9DE9-ADD827F4C6FE}.Release|Any CPU.Build.0 = Release|Any CPU
	EndGlobalSection
EndGlobal
